version = 1
revision = 3
requires-python = ">=3.11"

[[package]]
name = "cc-switch-enhanced"
source = { editable = "." }
dependencies = [
    { name = "ruamel-yaml" },
    { name = "tomli-w" },
    { name = "tomlkit" },
]

[package.metadata]
requires-dist = [
    { name = "ruamel-yaml", specifier = ">=0.18" },
    { name = "tomli-w", specifier = ">=0.4" },
    { name = "tomlkit", specifier = ">=0.12" },
]

[[package]]
name = "ruamel-yaml"
version = "0.19.1"
source = { registry = "https://pypi.org/simple" }
sdist = { url = "https://files.pythonhosted.org/packages/c7/3b/ebda527b56beb90cb7652cb1c7e4f91f48649fbcd8d2eb2fb6e77cd3329b/ruamel_yaml-0.19.1.tar.gz", hash = "sha256:53eb66cd27849eff968ebf8f0bf61f46cdac2da1d1f3576dd4ccee9b25c31993", size = 142709, upload-time = "2026-01-02T16:50:31.84Z" }
wheels = [
    { url = "https://files.pythonhosted.org/packages/b8/0c/51f6841f1d84f404f92463fc2b1ba0da357ca1e3db6b7fbda26956c3b82a/ruamel_yaml-0.19.1-py3-none-any.whl", hash = "sha256:27592957fedf6e0b62f281e96effd28043345e0e66001f97683aa9a40c667c93", size = 118102, upload-time = "2026-01-02T16:50:29.201Z" },
]

[[package]]
name = "tomli-w"
version = "1.2.0"
source = { registry = "https://pypi.org/simple" }
sdist = { url = "https://files.pythonhosted.org/packages/19/75/241269d1da26b624c0d5e110e8149093c759b7a286138f4efd61a60e75fe/tomli_w-1.2.0.tar.gz", hash = "sha256:2dd14fac5a47c27be9cd4c976af5a12d87fb1f0b4512f81d69cce3b35ae25021", size = 7184, upload-time = "2025-01-15T12:07:24.262Z" }
wheels = [
    { url = "https://files.pythonhosted.org/packages/c7/18/c86eb8e0202e32dd3df50d43d7ff9854f8e0603945ff398974c1d91ac1ef/tomli_w-1.2.0-py3-none-any.whl", hash = "sha256:188306098d013b691fcadc011abd66727d3c414c571bb01b1a174ba8c983cf90", size = 6675, upload-time = "2025-01-15T12:07:22.074Z" },
]

[[package]]
name = "tomlkit"
version = "0.15.1"
source = { registry = "https://pypi.org/simple" }
sdist = { url = "https://files.pythonhosted.org/packages/94/96/e07752635b98536177fa1f37671c8f3cdde2e724c6bcf6034b2cfb571565/tomlkit-0.15.1.tar.gz", hash = "sha256:e25bbf38843005246210a12982776f27f99cb9be67160e14434d0c0d21ee1e97", size = 180129, upload-time = "2026-07-17T01:48:04.562Z" }
wheels = [
    { url = "https://files.pythonhosted.org/packages/13/bc/8c13eb66537dce1d2bd3a57132902f38d0e7f5bb46fa9f4daed9fe9d76ee/tomlkit-0.15.1-py3-none-any.whl", hash = "sha256:177a05aece5a8ca5266fd3c448abb47b8d352f09d477d3ca8332db4d89b24304", size = 49449, upload-time = "2026-07-17T01:48:05.728Z" },
]
